
Microsoft Visual Studio Solution File, Format Version 12.00
# Visual Studio 14
VisualStudioVersion = 14.0.24720.0
MinimumVisualStudioVersion = 10.0.40219.1
Project("{151D2E53-A2C4-4D7D-83FE-D05416EBD58E}") = "DCProvisioning", "DCProvisioning\DCProvisioning.deployproj", "{1EE1825A-7E62-4A2E-A3E1-F9F6C259A93C}"
EndProject
Global
	GlobalSection(SolutionConfigurationPlatforms) = preSolution
		Debug|Any CPU = Debug|Any CPU
		Release|Any CPU = Release|Any CPU
	EndGlobalSection
	GlobalSection(ProjectConfigurationPlatforms) = postSolution
		{1EE1825A-7E62-4A2E-A3E1-F9F6C259A93C}.Debug|Any CPU.ActiveCfg = Debug|Any CPU
		{1EE1825A-7E62-4A2E-A3E1-F9F6C259A93C}.Debug|Any CPU.Build.0 = Debug|Any CPU
		{1EE1825A-7E62-4A2E-A3E1-F9F6C259A93C}.Release|Any CPU.ActiveCfg = Release|Any CPU
		{1EE1825A-7E62-4A2E-A3E1-F9F6C259A93C}.Release|Any CPU.Build.0 = Release|Any CPU
	EndGlobalSection
	GlobalSection(SolutionProperties) = preSolution
		HideSolutionNode = FALSE
	EndGlobalSection
EndGlobal
